
Microsoft Visual Studio Solution File, Format Version 12.00
# Visual Studio Version 17
VisualStudioVersion = 17.14.37012.4 d17.14
MinimumVisualStudioVersion = 10.0.40219.1
Project("{FAE04EC0-301F-11D3-BF4B-00C04F79EFBC}") = "ControlInformes.API", "ControlInformes.API.csproj", "{F2EA059E-E26B-4A0B-AF82-86396F5B8007}"
EndProject
Global
	GlobalSection(SolutionConfigurationPlatforms) = preSolution
		Debug|Any CPU = Debug|Any CPU
		Release|Any CPU = Release|Any CPU
	EndGlobalSection
	GlobalSection(ProjectConfigurationPlatforms) = postSolution
		{F2EA059E-E26B-4A0B-AF82-86396F5B8007}.Debug|Any CPU.ActiveCfg = Debug|Any CPU
		{F2EA059E-E26B-4A0B-AF82-86396F5B8007}.Debug|Any CPU.Build.0 = Debug|Any CPU
		{F2EA059E-E26B-4A0B-AF82-86396F5B8007}.Release|Any CPU.ActiveCfg = Release|Any CPU
		{F2EA059E-E26B-4A0B-AF82-86396F5B8007}.Release|Any CPU.Build.0 = Release|Any CPU
	EndGlobalSection
	GlobalSection(SolutionProperties) = preSolution
		HideSolutionNode = FALSE
	EndGlobalSection
	GlobalSection(ExtensibilityGlobals) = postSolution
		SolutionGuid = {D40536D7-7BE8-483E-89BA-FCB177853ED1}
	EndGlobalSection
EndGlobal
